{
  "name": "@titanium/hashids",
  "version": "1.1.2",
  "lockfileVersion": 1,
  "requires": true,
  "dependencies": {
    "hashids": {
      "version": "1.1.2",
      "resolved": "https://registry.npmjs.org/hashids/-/hashids-1.1.2.tgz",
      "integrity": "sha512-vEmaZaj5mTdcYuhxplrm3isX3zY02TgmssOcSvDchZLPW3iDq+sVorBrzY2mdonlB5cs9tMcqrv87tbo12AeqQ==",
      "dev": true
    }
  }
}
