{
  "name": "@titanium/hashids",
  "version": "1.1.4",
  "lockfileVersion": 2,
  "requires": true,
  "packages": {
    "": {
      "name": "@titanium/hashids",
      "version": "1.1.4",
      "license": "MIT",
      "devDependencies": {
        "hashids": "^2.2.10"
      }
    },
    "node_modules/hashids": {
      "version": "2.2.10",
      "resolved": "https://registry.npmjs.org/hashids/-/hashids-2.2.10.tgz",
      "integrity": "sha512-nXnYums7F8B5Y+GSThutLPlKMaamW1yjWNZVt0WModiJfdjaDZHnhYTWblS+h1OoBx3yjwiBwxldPP3nIbFSSA==",
      "dev": true
    }
  },
  "dependencies": {
    "hashids": {
      "version": "2.2.10",
      "resolved": "https://registry.npmjs.org/hashids/-/hashids-2.2.10.tgz",
      "integrity": "sha512-nXnYums7F8B5Y+GSThutLPlKMaamW1yjWNZVt0WModiJfdjaDZHnhYTWblS+h1OoBx3yjwiBwxldPP3nIbFSSA==",
      "dev": true
    }
  }
}
