{
  "name": "@titanium/hashids",
  "version": "1.1.2",
  "lockfileVersion": 1,
  "requires": true,
  "dependencies": {
    "hashids": {
      "version": "2.2.8",
      "resolved": "https://registry.npmjs.org/hashids/-/hashids-2.2.8.tgz",
      "integrity": "sha512-OI6rsk/OqyX60nBsqxnNl3R7CDv9eMOgxzipshZwXE6cUcBcEyHf8rNDlWVdQJZK3TEynILYybCsNUEQfJsdLA==",
      "dev": true
    }
  }
}
